
Microsoft Visual Studio Solution File, Format Version 12.00
# Visual Studio Version 16
VisualStudioVersion = 16.0.31025.218
MinimumVisualStudioVersion = 10.0.40219.1
Project("{9A19103F-16F7-4668-BE54-9A1E7A4F7556}") = "Influxdb2.Client", "Influxdb2.Client\Influxdb2.Client.csproj", "{723D4396-4420-4458-8271-6D74A3785DF4}"
EndProject
Project("{FAE04EC0-301F-11D3-BF4B-00C04F79EFBC}") = "MockServer", "MockServer\MockServer.csproj", "{F8D5AC5A-B9AD-413F-95D3-4C8169D3D121}"
EndProject
Project("{FAE04EC0-301F-11D3-BF4B-00C04F79EFBC}") = "influxdb-client-csharp", "influxdb-client-csharp\influxdb-client-csharp.csproj", "{D8C54077-A151-4112-ACCB-9DEBA9FEB62A}"
EndProject
Project("{9A19103F-16F7-4668-BE54-9A1E7A4F7556}") = "Influxdb2-client-csharp", "Influxdb2-client-csharp\Influxdb2-client-csharp.csproj", "{459760E8-D007-4F63-8712-B8326DDC9848}"
EndProject
Global
	GlobalSection(SolutionConfigurationPlatforms) = preSolution
		Debug|Any CPU = Debug|Any CPU
		Release|Any CPU = Release|Any CPU
	EndGlobalSection
	GlobalSection(ProjectConfigurationPlatforms) = postSolution
		{723D4396-4420-4458-8271-6D74A3785DF4}.Debug|Any CPU.ActiveCfg = Debug|Any CPU
		{723D4396-4420-4458-8271-6D74A3785DF4}.Debug|Any CPU.Build.0 = Debug|Any CPU
		{723D4396-4420-4458-8271-6D74A3785DF4}.Release|Any CPU.ActiveCfg = Release|Any CPU
		{723D4396-4420-4458-8271-6D74A3785DF4}.Release|Any CPU.Build.0 = Release|Any CPU
		{F8D5AC5A-B9AD-413F-95D3-4C8169D3D121}.Debug|Any CPU.ActiveCfg = Debug|Any CPU
		{F8D5AC5A-B9AD-413F-95D3-4C8169D3D121}.Debug|Any CPU.Build.0 = Debug|Any CPU
		{F8D5AC5A-B9AD-413F-95D3-4C8169D3D121}.Release|Any CPU.ActiveCfg = Release|Any CPU
		{F8D5AC5A-B9AD-413F-95D3-4C8169D3D121}.Release|Any CPU.Build.0 = Release|Any CPU
		{D8C54077-A151-4112-ACCB-9DEBA9FEB62A}.Debug|Any CPU.ActiveCfg = Debug|Any CPU
		{D8C54077-A151-4112-ACCB-9DEBA9FEB62A}.Debug|Any CPU.Build.0 = Debug|Any CPU
		{D8C54077-A151-4112-ACCB-9DEBA9FEB62A}.Release|Any CPU.ActiveCfg = Release|Any CPU
		{D8C54077-A151-4112-ACCB-9DEBA9FEB62A}.Release|Any CPU.Build.0 = Release|Any CPU
		{459760E8-D007-4F63-8712-B8326DDC9848}.Debug|Any CPU.ActiveCfg = Debug|Any CPU
		{459760E8-D007-4F63-8712-B8326DDC9848}.Debug|Any CPU.Build.0 = Debug|Any CPU
		{459760E8-D007-4F63-8712-B8326DDC9848}.Release|Any CPU.ActiveCfg = Release|Any CPU
		{459760E8-D007-4F63-8712-B8326DDC9848}.Release|Any CPU.Build.0 = Release|Any CPU
	EndGlobalSection
	GlobalSection(SolutionProperties) = preSolution
		HideSolutionNode = FALSE
	EndGlobalSection
	GlobalSection(ExtensibilityGlobals) = postSolution
		SolutionGuid = {982A5612-8C87-4116-97CB-400824060293}
	EndGlobalSection
EndGlobal
